
Microsoft Visual Studio Solution File, Format Version 12.00
# Visual Studio Version 17
VisualStudioVersion = 17.14.36301.6 d17.14
MinimumVisualStudioVersion = 10.0.40219.1
Project("{FAE04EC0-301F-11D3-BF4B-00C04F79EFBC}") = "Tac-Tic-Toe-Game", "Tac-Tic-Toe-Game.csproj", "{ADB6E1B2-BFEC-42F4-9D4B-1C8B00D0B0EC}"
EndProject
Global
	GlobalSection(SolutionConfigurationPlatforms) = preSolution
		Debug|Any CPU = Debug|Any CPU
		Release|Any CPU = Release|Any CPU
	EndGlobalSection
	GlobalSection(ProjectConfigurationPlatforms) = postSolution
		{ADB6E1B2-BFEC-42F4-9D4B-1C8B00D0B0EC}.Debug|Any CPU.ActiveCfg = Debug|Any CPU
		{ADB6E1B2-BFEC-42F4-9D4B-1C8B00D0B0EC}.Debug|Any CPU.Build.0 = Debug|Any CPU
		{ADB6E1B2-BFEC-42F4-9D4B-1C8B00D0B0EC}.Release|Any CPU.ActiveCfg = Release|Any CPU
		{ADB6E1B2-BFEC-42F4-9D4B-1C8B00D0B0EC}.Release|Any CPU.Build.0 = Release|Any CPU
	EndGlobalSection
	GlobalSection(SolutionProperties) = preSolution
		HideSolutionNode = FALSE
	EndGlobalSection
	GlobalSection(ExtensibilityGlobals) = postSolution
		SolutionGuid = {548071A2-AE19-4F1D-8F4B-6ADF08223268}
	EndGlobalSection
EndGlobal
